dependencies:
- name: trento-web
  repository: ""
  version: '>0.0.0-0'
- name: trento-wanda
  repository: ""
  version: '>0.0.0-0'
- name: trento-mcp-server
  repository: ""
  version: '>0.0.0-0'
- name: postgresql
  repository: ""
  version: '>0.0.0'
- name: prometheus
  repository: https://prometheus-community.github.io/helm-charts/
  version: 15.1.3
- name: rabbitmq
  repository: https://charts.bitnami.com/bitnami/
  version: 10.3.9
digest: sha256:f10fe57f862dcc4f21a05e8ac82c2e0509c5764297816e4a4957e6181520584c
generated: "2025-09-25T18:03:46.9714136+02:00"
