dependencies:
- name: trento-web
  repository: ""
  version: '>0.0.0'
- name: trento-runner
  repository: ""
  version: '>0.0.0'
- name: postgresql
  repository: https://charts.bitnami.com/bitnami/
  version: 10.16.2
- name: prometheus
  repository: https://prometheus-community.github.io/helm-charts/
  version: 15.1.3
- name: grafana
  repository: https://grafana.github.io/helm-charts/
  version: 6.36.3
- name: rabbitmq
  repository: https://charts.bitnami.com/bitnami/
  version: 10.3.9
digest: sha256:c4bccf4b063296b73c47f23cfdf24eed572eb6cf5d94a8be4e020ddefda29564
generated: "2022-10-10T14:54:10.104992787+02:00"
