dependencies:
- name: trento-web
  repository: ""
  version: '>0.0.0-0'
- name: trento-wanda
  repository: ""
  version: '>0.0.0-0'
- name: trento-mcp-server
  repository: ""
  version: '>0.0.0-0'
- name: postgresql
  repository: ""
  version: '>0.0.0'
- name: prometheus
  repository: https://prometheus-community.github.io/helm-charts/
  version: 29.10.0
- name: rabbitmq
  repository: ""
  version: '>0.0.0-0'
digest: sha256:b51972ff4bc522cc9533e01839a82fe1042523944057bbb2ee1f4fad471cf24f
generated: "2026-06-08T21:05:29.9647383+02:00"
